
Microsoft Visual Studio Solution File, Format Version 12.00
# Visual Studio Version 17
VisualStudioVersion = 17.5.33530.505
MinimumVisualStudioVersion = 10.0.40219.1
Project("{2150E333-8FDC-42A3-9474-1A3956D46DE8}") = "Seccion_4 _Introduccion_a_C_SHARP", "Seccion_4 _Introduccion_a_C_SHARP", "{964037FD-344A-4292-A8BF-7F2EFB9CE08B}"
EndProject
Project("{9A19103F-16F7-4668-BE54-9A1E7A4F7556}") = "Seccion4.Ejercicio1", "Seccion_4_Introduccion_a_C_SHARP\Seccion4.Ejercicio1\Seccion4.Ejercicio1.csproj", "{0ED89F5C-87DF-418A-94E8-69D75C425216}"
EndProject
Project("{9A19103F-16F7-4668-BE54-9A1E7A4F7556}") = "Seccion4.Ejercicio2", "Seccion_4_Introduccion_a_C_SHARP\Seccion4.Ejercicio2\Seccion4.Ejercicio2.csproj", "{44942011-FDEE-4358-9B7B-1B3657F0859C}"
EndProject
Project("{2150E333-8FDC-42A3-9474-1A3956D46DE8}") = "Seccion_5_Metodos_y_funciones", "Seccion_5_Metodos_y_funciones", "{37D395CC-7363-4D8D-9BC5-60786BC15930}"
EndProject
Project("{9A19103F-16F7-4668-BE54-9A1E7A4F7556}") = "Seccion5.Ejercicio1", "Seccion_5_Metodos_y_funciones\Seccion5.Ejercicio1\Seccion5.Ejercicio1.csproj", "{09F9A356-F165-4757-8059-C7DFF64BBDDD}"
EndProject
Project("{FAE04EC0-301F-11D3-BF4B-00C04F79EFBC}") = "Seccion4.Ejercicio3", "Seccion_4_Introduccion_a_C_SHARP\Seccion4.Ejercicio3\Seccion4.Ejercicio3.csproj", "{8BCEE271-AEA2-470A-89B7-2CDD1E0FCC4C}"
EndProject
Project("{FAE04EC0-301F-11D3-BF4B-00C04F79EFBC}") = "Seccion4.Ejercicio4", "Seccion_4_Introduccion_a_C_SHARP\Seccion4.Ejercicio4\Seccion4.Ejercicio4.csproj", "{1046A787-F65C-44B8-B224-60356DF49285}"
EndProject
Project("{FAE04EC0-301F-11D3-BF4B-00C04F79EFBC}") = "Seccion4.Ejercicio5", "Seccion_4_Introduccion_a_C_SHARP\Seccion4.Ejercicio5\Seccion4.Ejercicio5.csproj", "{BFC0F4E0-BC80-4C57-9CBC-03C3974D1813}"
EndProject
Project("{FAE04EC0-301F-11D3-BF4B-00C04F79EFBC}") = "Seccion4.Ejercicio6", "Seccion_4_Introduccion_a_C_SHARP\Seccion4.Ejercicio6\Seccion4.Ejercicio6.csproj", "{EFDE9807-C909-4666-AB83-03CC2D658DFD}"
EndProject
Project("{FAE04EC0-301F-11D3-BF4B-00C04F79EFBC}") = "Seccion4.Ejercicio7", "Seccion_4_Introduccion_a_C_SHARP\Seccion4.Ejercicio7\Seccion4.Ejercicio7.csproj", "{76CFB9AB-3BF0-4002-9F14-AD1479716138}"
EndProject
Project("{FAE04EC0-301F-11D3-BF4B-00C04F79EFBC}") = "Seccion4.Ejercicio8", "Seccion_4_Introduccion_a_C_SHARP\Seccion4.Ejercicio8\Seccion4.Ejercicio8.csproj", "{ED4D5EEB-1465-4B78-9FB6-1F6BDDF4BB58}"
EndProject
Project("{FAE04EC0-301F-11D3-BF4B-00C04F79EFBC}") = "Seccion4.Ejercicio9", "Seccion_4_Introduccion_a_C_SHARP\Seccion4.Ejercicio9\Seccion4.Ejercicio9.csproj", "{82A893A9-BC73-484D-BCDD-50D0D8904D9B}"
EndProject
Project("{FAE04EC0-301F-11D3-BF4B-00C04F79EFBC}") = "Seccion4.Ejercicio10", "Seccion_4_Introduccion_a_C_SHARP\Seccion4.Ejercicio10\Seccion4.Ejercicio10.csproj", "{C8016837-8DEE-4C22-A44B-1FD41221C286}"
EndProject
Project("{FAE04EC0-301F-11D3-BF4B-00C04F79EFBC}") = "Seccion4.Ejercicio11", "Seccion_4_Introduccion_a_C_SHARP\Seccion4.Ejercicio11\Seccion4.Ejercicio11.csproj", "{75A3C7E6-254D-47DD-84BA-401121221337}"
EndProject
Project("{FAE04EC0-301F-11D3-BF4B-00C04F79EFBC}") = "Seccion4.Ejercicio12", "Seccion_4_Introduccion_a_C_SHARP\Seccion4.Ejercicio12\Seccion4.Ejercicio12.csproj", "{B0C04203-B723-4F53-8FFA-68A1E199A340}"
EndProject
Project("{FAE04EC0-301F-11D3-BF4B-00C04F79EFBC}") = "Seccion4.Ejercicio13", "Seccion_4_Introduccion_a_C_SHARP\Seccion4.Ejercicio13\Seccion4.Ejercicio13.csproj", "{2F5480E0-E0D2-4E48-AD9C-2259A9765D0C}"
EndProject
Project("{FAE04EC0-301F-11D3-BF4B-00C04F79EFBC}") = "Seccion4.Ejercicio14", "Seccion_4_Introduccion_a_C_SHARP\Seccion4.Ejercicio14\Seccion4.Ejercicio14.csproj", "{2B4BF8AB-9961-47B5-944C-2E006C87B259}"
EndProject
Project("{FAE04EC0-301F-11D3-BF4B-00C04F79EFBC}") = "Seccion5.Ejercicio2", "Seccion_5_Metodos_y_funciones\Seccion5.Ejercicio2\Seccion5.Ejercicio2.csproj", "{3CC18B1C-4922-4CEE-A7C3-A6E458E4A658}"
EndProject
Project("{FAE04EC0-301F-11D3-BF4B-00C04F79EFBC}") = "Seccion5.Ejercicio3", "Seccion_5_Metodos_y_funciones\Seccion5.Ejercicio3\Seccion5.Ejercicio3.csproj", "{E252C679-22EE-4FE3-9FBB-CAEF5890663D}"
EndProject
Project("{FAE04EC0-301F-11D3-BF4B-00C04F79EFBC}") = "Seccion5.Ejercicio4", "Seccion_5_Metodos_y_funciones\Seccion5.Ejercicio4\Seccion5.Ejercicio4.csproj", "{3E7C4297-904A-4225-94B3-42B0B91A3E86}"
EndProject
Project("{FAE04EC0-301F-11D3-BF4B-00C04F79EFBC}") = "Seccion5.Ejercicio5", "Seccion_5_Metodos_y_funciones\Seccion5.Ejercicio5\Seccion5.Ejercicio5.csproj", "{63EF8942-9C54-45BA-ABBE-9C546C1B8153}"
EndProject
Project("{FAE04EC0-301F-11D3-BF4B-00C04F79EFBC}") = "Seccion5.Ejercicio6", "Seccion_5_Metodos_y_funciones\Seccion5.Ejercicio6\Seccion5.Ejercicio6.csproj", "{81F16D5A-40D4-4CD4-BF91-862058E88323}"
EndProject
Project("{2150E333-8FDC-42A3-9474-1A3956D46DE8}") = "Seccion_6_Cadenas", "Seccion_6_Cadenas", "{2A8C1643-34D8-47B8-83FE-15A7C8E9FD8C}"
EndProject
Project("{FAE04EC0-301F-11D3-BF4B-00C04F79EFBC}") = "Seccion6.Ejercicio1", "Seccion_6_Cadenas\Seccion6.Ejercicio1\Seccion6.Ejercicio1.csproj", "{32F5DD0D-F92B-458F-A699-CF3E0B284F72}"
EndProject
Project("{FAE04EC0-301F-11D3-BF4B-00C04F79EFBC}") = "Seccion6.Ejercicio2", "Seccion_6_Cadenas\Seccion6.Ejercicio2\Seccion6.Ejercicio2.csproj", "{0BBF1C2A-B08C-4BBF-BFD9-041501EE7EF8}"
EndProject
Project("{FAE04EC0-301F-11D3-BF4B-00C04F79EFBC}") = "Seccion6.Ejercicio3", "Seccion_6_Cadenas\Seccion6.Ejercicio3\Seccion6.Ejercicio3.csproj", "{029EEDF8-418B-4A26-A8F2-783F317EC05D}"
EndProject
Project("{FAE04EC0-301F-11D3-BF4B-00C04F79EFBC}") = "Seccion6.Ejercicio4", "Seccion_6_Cadenas\Seccion6.Ejercicio4\Seccion6.Ejercicio4.csproj", "{2821B906-E337-4B4D-A0AA-8F53ACB9384F}"
EndProject
Project("{FAE04EC0-301F-11D3-BF4B-00C04F79EFBC}") = "Seccion6.Ejercicio5", "Seccion_6_Cadenas\Seccion6.Ejercicio5\Seccion6.Ejercicio5.csproj", "{4B42576A-0108-4704-8640-70F4E928EF32}"
EndProject
Project("{2150E333-8FDC-42A3-9474-1A3956D46DE8}") = "Seccion_7_Colecciones", "Seccion_7_Colecciones", "{C18DDFF7-E03C-4E7B-B642-AD517E18E8DD}"
EndProject
Project("{FAE04EC0-301F-11D3-BF4B-00C04F79EFBC}") = "Seccion7.Ejercicio1", "Seccion_7_Colecciones\Seccion7.Ejercicio1\Seccion7.Ejercicio1.csproj", "{7F8A0184-5E64-4C3B-BA42-E88BB464A7AF}"
EndProject
Project("{FAE04EC0-301F-11D3-BF4B-00C04F79EFBC}") = "Seccion7.Ejercicio2", "Seccion_7_Colecciones\Seccion7.Ejercicio2\Seccion7.Ejercicio2.csproj", "{13EB5CAE-6207-45F8-B3B7-AC41C1E75E37}"
EndProject
Project("{FAE04EC0-301F-11D3-BF4B-00C04F79EFBC}") = "Seccion7.Ejercicio3", "Seccion_7_Colecciones\Seccion7.Ejercicio3\Seccion7.Ejercicio3.csproj", "{29872379-8607-4F3B-9F9D-2A59CE6B1BC4}"
EndProject
Project("{FAE04EC0-301F-11D3-BF4B-00C04F79EFBC}") = "Seccion7.Ejercicio4", "Seccion_7_Colecciones\Seccion7.Ejercicio4\Seccion7.Ejercicio4.csproj", "{6E8F94D5-0530-4105-9361-0660C39DB655}"
EndProject
Project("{FAE04EC0-301F-11D3-BF4B-00C04F79EFBC}") = "Seccion7.Ejercicio5", "Seccion_7_Colecciones\Seccion7.Ejercicio5\Seccion7.Ejercicio5.csproj", "{04B09F44-850F-42DC-BF60-2D8DC22B5D71}"
EndProject
Project("{2150E333-8FDC-42A3-9474-1A3956D46DE8}") = "Seccion_9_Clases", "Seccion_9_Clases", "{D3E8D9D3-5B75-4B11-9766-EBBFD5DA24DA}"
EndProject
Project("{2150E333-8FDC-42A3-9474-1A3956D46DE8}") = "Seccion9.Ejercicio1", "Seccion9.Ejercicio1", "{7B3A6730-FDCE-4A32-8561-F30249844819}"
EndProject
Project("{FAE04EC0-301F-11D3-BF4B-00C04F79EFBC}") = "Seccion9.Ejercicio1", "Seccion_9_Clases\Seccion9.Ejercicio1\Seccion9.Ejercicio1\Seccion9.Ejercicio1.csproj", "{7276851F-791F-4333-BD9F-09BC65C31E5D}"
EndProject
Project("{2150E333-8FDC-42A3-9474-1A3956D46DE8}") = "Seccion9.Ejercicio2", "Seccion9.Ejercicio2", "{EE97BAA8-9B54-414A-B168-C35A74AB8EAB}"
EndProject
Project("{FAE04EC0-301F-11D3-BF4B-00C04F79EFBC}") = "Seccion9.Ejercicio2", "Seccion_9_Clases\Seccion9.Ejercicio2\Seccion9.Ejercicio2\Seccion9.Ejercicio2.csproj", "{65AD797B-37F4-45A6-AB42-FE4A8634CD3C}"
EndProject
Project("{2150E333-8FDC-42A3-9474-1A3956D46DE8}") = "Seccion9.Ejercicio3", "Seccion9.Ejercicio3", "{52812A66-4A70-4BB9-B0F8-729D47B61984}"
EndProject
Project("{FAE04EC0-301F-11D3-BF4B-00C04F79EFBC}") = "Seccion9.Ejercicio3", "Seccion_9_Clases\Seccion9.Ejercicio3\Seccion9.Ejercicio3\Seccion9.Ejercicio3.csproj", "{63FC4391-6338-4363-912A-FD5983469C06}"
EndProject
Project("{2150E333-8FDC-42A3-9474-1A3956D46DE8}") = "Seccion9.Ejercicio4", "Seccion9.Ejercicio4", "{769FF247-3CE8-4743-AB0C-5219E8EFEDB6}"
EndProject
Project("{FAE04EC0-301F-11D3-BF4B-00C04F79EFBC}") = "Seccion9.Ejercicio4", "Seccion_9_Clases\Seccion9.Ejercicio4\Seccion9.Ejercicio4\Seccion9.Ejercicio4.csproj", "{ECC0C8CD-152A-4D84-B4B7-9A1CF095BD36}"
EndProject
Project("{2150E333-8FDC-42A3-9474-1A3956D46DE8}") = "Seccion9.Ejercicio5", "Seccion9.Ejercicio5", "{21480B93-B69F-4E82-ACF1-B9059BEFC43C}"
EndProject
Project("{FAE04EC0-301F-11D3-BF4B-00C04F79EFBC}") = "Seccion9.Ejercicio5", "Seccion_9_Clases\Seccion9.Ejercicio5\Seccion9.Ejercicio5\Seccion9.Ejercicio5.csproj", "{BBDFD3D9-D9A2-4F5B-8DE4-3F2E464AD9CE}"
EndProject
Project("{2150E333-8FDC-42A3-9474-1A3956D46DE8}") = "Seccion9.Ejercicio6", "Seccion9.Ejercicio6", "{8D356991-208E-4AB4-BC27-F0F879B1E23A}"
EndProject
Project("{FAE04EC0-301F-11D3-BF4B-00C04F79EFBC}") = "Seccion9.Ejercicio6", "Seccion_9_Clases\Seccion9.Ejercicio6\Seccion9.Ejercicio6\Seccion9.Ejercicio6.csproj", "{3B3B3AA7-477E-4EA8-8F90-34AA36304977}"
EndProject
Project("{2150E333-8FDC-42A3-9474-1A3956D46DE8}") = "Seccion_10_Interfaces", "Seccion_10_Interfaces", "{128A352C-20D3-466A-BFB4-4FB3B7980B6C}"
EndProject
Project("{2150E333-8FDC-42A3-9474-1A3956D46DE8}") = "Seccion10.Ejercicio1", "Seccion10.Ejercicio1", "{64AC5013-AB16-4F7A-AFD1-8F52FE1F4D47}"
EndProject
Project("{FAE04EC0-301F-11D3-BF4B-00C04F79EFBC}") = "Seccion10.Ejercicio1", "Seccion_10_Interfaces\Seccion10.Ejercicio1\Seccion10.Ejercicio1\Seccion10.Ejercicio1.csproj", "{B194C5DE-E9EB-4C94-BC25-6470625D9582}"
EndProject
Project("{2150E333-8FDC-42A3-9474-1A3956D46DE8}") = "Seccion_13_Archivos_y_streams", "Seccion_13_Archivos_y_streams", "{AA5F2168-0640-49A4-9BEA-0D6E9ED6FB7B}"
EndProject
Project("{2150E333-8FDC-42A3-9474-1A3956D46DE8}") = "Seccion13.Ejercicio1", "Seccion13.Ejercicio1", "{C1587273-F01E-4201-B593-0C50062D0D8E}"
EndProject
Project("{FAE04EC0-301F-11D3-BF4B-00C04F79EFBC}") = "Seccion13.Ejercicio1", "Seccion_13_Archivos_y_streams\Seccion13.Ejercicio1\Seccion13.Ejercicio1\Seccion13.Ejercicio1.csproj", "{3B73943F-FFAC-4488-9962-4D69F229D9FD}"
EndProject
Global
	GlobalSection(SolutionConfigurationPlatforms) = preSolution
		Debug|Any CPU = Debug|Any CPU
		Release|Any CPU = Release|Any CPU
	EndGlobalSection
	GlobalSection(ProjectConfigurationPlatforms) = postSolution
		{0ED89F5C-87DF-418A-94E8-69D75C425216}.Debug|Any CPU.ActiveCfg = Debug|Any CPU
		{0ED89F5C-87DF-418A-94E8-69D75C425216}.Debug|Any CPU.Build.0 = Debug|Any CPU
		{0ED89F5C-87DF-418A-94E8-69D75C425216}.Release|Any CPU.ActiveCfg = Release|Any CPU
		{0ED89F5C-87DF-418A-94E8-69D75C425216}.Release|Any CPU.Build.0 = Release|Any CPU
		{44942011-FDEE-4358-9B7B-1B3657F0859C}.Debug|Any CPU.ActiveCfg = Debug|Any CPU
		{44942011-FDEE-4358-9B7B-1B3657F0859C}.Debug|Any CPU.Build.0 = Debug|Any CPU
		{44942011-FDEE-4358-9B7B-1B3657F0859C}.Release|Any CPU.ActiveCfg = Release|Any CPU
		{44942011-FDEE-4358-9B7B-1B3657F0859C}.Release|Any CPU.Build.0 = Release|Any CPU
		{09F9A356-F165-4757-8059-C7DFF64BBDDD}.Debug|Any CPU.ActiveCfg = Debug|Any CPU
		{09F9A356-F165-4757-8059-C7DFF64BBDDD}.Debug|Any CPU.Build.0 = Debug|Any CPU
		{09F9A356-F165-4757-8059-C7DFF64BBDDD}.Release|Any CPU.ActiveCfg = Release|Any CPU
		{09F9A356-F165-4757-8059-C7DFF64BBDDD}.Release|Any CPU.Build.0 = Release|Any CPU
		{8BCEE271-AEA2-470A-89B7-2CDD1E0FCC4C}.Debug|Any CPU.ActiveCfg = Debug|Any CPU
		{8BCEE271-AEA2-470A-89B7-2CDD1E0FCC4C}.Debug|Any CPU.Build.0 = Debug|Any CPU
		{8BCEE271-AEA2-470A-89B7-2CDD1E0FCC4C}.Release|Any CPU.ActiveCfg = Release|Any CPU
		{8BCEE271-AEA2-470A-89B7-2CDD1E0FCC4C}.Release|Any CPU.Build.0 = Release|Any CPU
		{1046A787-F65C-44B8-B224-60356DF49285}.Debug|Any CPU.ActiveCfg = Debug|Any CPU
		{1046A787-F65C-44B8-B224-60356DF49285}.Debug|Any CPU.Build.0 = Debug|Any CPU
		{1046A787-F65C-44B8-B224-60356DF49285}.Release|Any CPU.ActiveCfg = Release|Any CPU
		{1046A787-F65C-44B8-B224-60356DF49285}.Release|Any CPU.Build.0 = Release|Any CPU
		{BFC0F4E0-BC80-4C57-9CBC-03C3974D1813}.Debug|Any CPU.ActiveCfg = Debug|Any CPU
		{BFC0F4E0-BC80-4C57-9CBC-03C3974D1813}.Debug|Any CPU.Build.0 = Debug|Any CPU
		{BFC0F4E0-BC80-4C57-9CBC-03C3974D1813}.Release|Any CPU.ActiveCfg = Release|Any CPU
		{BFC0F4E0-BC80-4C57-9CBC-03C3974D1813}.Release|Any CPU.Build.0 = Release|Any CPU
		{EFDE9807-C909-4666-AB83-03CC2D658DFD}.Debug|Any CPU.ActiveCfg = Debug|Any CPU
		{EFDE9807-C909-4666-AB83-03CC2D658DFD}.Debug|Any CPU.Build.0 = Debug|Any CPU
		{EFDE9807-C909-4666-AB83-03CC2D658DFD}.Release|Any CPU.ActiveCfg = Release|Any CPU
		{EFDE9807-C909-4666-AB83-03CC2D658DFD}.Release|Any CPU.Build.0 = Release|Any CPU
		{76CFB9AB-3BF0-4002-9F14-AD1479716138}.Debug|Any CPU.ActiveCfg = Debug|Any CPU
		{76CFB9AB-3BF0-4002-9F14-AD1479716138}.Debug|Any CPU.Build.0 = Debug|Any CPU
		{76CFB9AB-3BF0-4002-9F14-AD1479716138}.Release|Any CPU.ActiveCfg = Release|Any CPU
		{76CFB9AB-3BF0-4002-9F14-AD1479716138}.Release|Any CPU.Build.0 = Release|Any CPU
		{ED4D5EEB-1465-4B78-9FB6-1F6BDDF4BB58}.Debug|Any CPU.ActiveCfg = Debug|Any CPU
		{ED4D5EEB-1465-4B78-9FB6-1F6BDDF4BB58}.Debug|Any CPU.Build.0 = Debug|Any CPU
		{ED4D5EEB-1465-4B78-9FB6-1F6BDDF4BB58}.Release|Any CPU.ActiveCfg = Release|Any CPU
		{ED4D5EEB-1465-4B78-9FB6-1F6BDDF4BB58}.Release|Any CPU.Build.0 = Release|Any CPU
		{82A893A9-BC73-484D-BCDD-50D0D8904D9B}.Debug|Any CPU.ActiveCfg = Debug|Any CPU
		{82A893A9-BC73-484D-BCDD-50D0D8904D9B}.Debug|Any CPU.Build.0 = Debug|Any CPU
		{82A893A9-BC73-484D-BCDD-50D0D8904D9B}.Release|Any CPU.ActiveCfg = Release|Any CPU
		{82A893A9-BC73-484D-BCDD-50D0D8904D9B}.Release|Any CPU.Build.0 = Release|Any CPU
		{C8016837-8DEE-4C22-A44B-1FD41221C286}.Debug|Any CPU.ActiveCfg = Debug|Any CPU
		{C8016837-8DEE-4C22-A44B-1FD41221C286}.Debug|Any CPU.Build.0 = Debug|Any CPU
		{C8016837-8DEE-4C22-A44B-1FD41221C286}.Release|Any CPU.ActiveCfg = Release|Any CPU
		{C8016837-8DEE-4C22-A44B-1FD41221C286}.Release|Any CPU.Build.0 = Release|Any CPU
		{75A3C7E6-254D-47DD-84BA-401121221337}.Debug|Any CPU.ActiveCfg = Debug|Any CPU
		{75A3C7E6-254D-47DD-84BA-401121221337}.Debug|Any CPU.Build.0 = Debug|Any CPU
		{75A3C7E6-254D-47DD-84BA-401121221337}.Release|Any CPU.ActiveCfg = Release|Any CPU
		{75A3C7E6-254D-47DD-84BA-401121221337}.Release|Any CPU.Build.0 = Release|Any CPU
		{B0C04203-B723-4F53-8FFA-68A1E199A340}.Debug|Any CPU.ActiveCfg = Debug|Any CPU
		{B0C04203-B723-4F53-8FFA-68A1E199A340}.Debug|Any CPU.Build.0 = Debug|Any CPU
		{B0C04203-B723-4F53-8FFA-68A1E199A340}.Release|Any CPU.ActiveCfg = Release|Any CPU
		{B0C04203-B723-4F53-8FFA-68A1E199A340}.Release|Any CPU.Build.0 = Release|Any CPU
		{2F5480E0-E0D2-4E48-AD9C-2259A9765D0C}.Debug|Any CPU.ActiveCfg = Debug|Any CPU
		{2F5480E0-E0D2-4E48-AD9C-2259A9765D0C}.Debug|Any CPU.Build.0 = Debug|Any CPU
		{2F5480E0-E0D2-4E48-AD9C-2259A9765D0C}.Release|Any CPU.ActiveCfg = Release|Any CPU
		{2F5480E0-E0D2-4E48-AD9C-2259A9765D0C}.Release|Any CPU.Build.0 = Release|Any CPU
		{2B4BF8AB-9961-47B5-944C-2E006C87B259}.Debug|Any CPU.ActiveCfg = Debug|Any CPU
		{2B4BF8AB-9961-47B5-944C-2E006C87B259}.Debug|Any CPU.Build.0 = Debug|Any CPU
		{2B4BF8AB-9961-47B5-944C-2E006C87B259}.Release|Any CPU.ActiveCfg = Release|Any CPU
		{2B4BF8AB-9961-47B5-944C-2E006C87B259}.Release|Any CPU.Build.0 = Release|Any CPU
		{3CC18B1C-4922-4CEE-A7C3-A6E458E4A658}.Debug|Any CPU.ActiveCfg = Debug|Any CPU
		{3CC18B1C-4922-4CEE-A7C3-A6E458E4A658}.Debug|Any CPU.Build.0 = Debug|Any CPU
		{3CC18B1C-4922-4CEE-A7C3-A6E458E4A658}.Release|Any CPU.ActiveCfg = Release|Any CPU
		{3CC18B1C-4922-4CEE-A7C3-A6E458E4A658}.Release|Any CPU.Build.0 = Release|Any CPU
		{E252C679-22EE-4FE3-9FBB-CAEF5890663D}.Debug|Any CPU.ActiveCfg = Debug|Any CPU
		{E252C679-22EE-4FE3-9FBB-CAEF5890663D}.Debug|Any CPU.Build.0 = Debug|Any CPU
		{E252C679-22EE-4FE3-9FBB-CAEF5890663D}.Release|Any CPU.ActiveCfg = Release|Any CPU
		{E252C679-22EE-4FE3-9FBB-CAEF5890663D}.Release|Any CPU.Build.0 = Release|Any CPU
		{3E7C4297-904A-4225-94B3-42B0B91A3E86}.Debug|Any CPU.ActiveCfg = Debug|Any CPU
		{3E7C4297-904A-4225-94B3-42B0B91A3E86}.Debug|Any CPU.Build.0 = Debug|Any CPU
		{3E7C4297-904A-4225-94B3-42B0B91A3E86}.Release|Any CPU.ActiveCfg = Release|Any CPU
		{3E7C4297-904A-4225-94B3-42B0B91A3E86}.Release|Any CPU.Build.0 = Release|Any CPU
		{63EF8942-9C54-45BA-ABBE-9C546C1B8153}.Debug|Any CPU.ActiveCfg = Debug|Any CPU
		{63EF8942-9C54-45BA-ABBE-9C546C1B8153}.Debug|Any CPU.Build.0 = Debug|Any CPU
		{63EF8942-9C54-45BA-ABBE-9C546C1B8153}.Release|Any CPU.ActiveCfg = Release|Any CPU
		{63EF8942-9C54-45BA-ABBE-9C546C1B8153}.Release|Any CPU.Build.0 = Release|Any CPU
		{81F16D5A-40D4-4CD4-BF91-862058E88323}.Debug|Any CPU.ActiveCfg = Debug|Any CPU
		{81F16D5A-40D4-4CD4-BF91-862058E88323}.Debug|Any CPU.Build.0 = Debug|Any CPU
		{81F16D5A-40D4-4CD4-BF91-862058E88323}.Release|Any CPU.ActiveCfg = Release|Any CPU
		{81F16D5A-40D4-4CD4-BF91-862058E88323}.Release|Any CPU.Build.0 = Release|Any CPU
		{32F5DD0D-F92B-458F-A699-CF3E0B284F72}.Debug|Any CPU.ActiveCfg = Debug|Any CPU
		{32F5DD0D-F92B-458F-A699-CF3E0B284F72}.Debug|Any CPU.Build.0 = Debug|Any CPU
		{32F5DD0D-F92B-458F-A699-CF3E0B284F72}.Release|Any CPU.ActiveCfg = Release|Any CPU
		{32F5DD0D-F92B-458F-A699-CF3E0B284F72}.Release|Any CPU.Build.0 = Release|Any CPU
		{0BBF1C2A-B08C-4BBF-BFD9-041501EE7EF8}.Debug|Any CPU.ActiveCfg = Debug|Any CPU
		{0BBF1C2A-B08C-4BBF-BFD9-041501EE7EF8}.Debug|Any CPU.Build.0 = Debug|Any CPU
		{0BBF1C2A-B08C-4BBF-BFD9-041501EE7EF8}.Release|Any CPU.ActiveCfg = Release|Any CPU
		{0BBF1C2A-B08C-4BBF-BFD9-041501EE7EF8}.Release|Any CPU.Build.0 = Release|Any CPU
		{029EEDF8-418B-4A26-A8F2-783F317EC05D}.Debug|Any CPU.ActiveCfg = Debug|Any CPU
		{029EEDF8-418B-4A26-A8F2-783F317EC05D}.Debug|Any CPU.Build.0 = Debug|Any CPU
		{029EEDF8-418B-4A26-A8F2-783F317EC05D}.Release|Any CPU.ActiveCfg = Release|Any CPU
		{029EEDF8-418B-4A26-A8F2-783F317EC05D}.Release|Any CPU.Build.0 = Release|Any CPU
		{2821B906-E337-4B4D-A0AA-8F53ACB9384F}.Debug|Any CPU.ActiveCfg = Debug|Any CPU
		{2821B906-E337-4B4D-A0AA-8F53ACB9384F}.Debug|Any CPU.Build.0 = Debug|Any CPU
		{2821B906-E337-4B4D-A0AA-8F53ACB9384F}.Release|Any CPU.ActiveCfg = Release|Any CPU
		{2821B906-E337-4B4D-A0AA-8F53ACB9384F}.Release|Any CPU.Build.0 = Release|Any CPU
		{4B42576A-0108-4704-8640-70F4E928EF32}.Debug|Any CPU.ActiveCfg = Debug|Any CPU
		{4B42576A-0108-4704-8640-70F4E928EF32}.Debug|Any CPU.Build.0 = Debug|Any CPU
		{4B42576A-0108-4704-8640-70F4E928EF32}.Release|Any CPU.ActiveCfg = Release|Any CPU
		{4B42576A-0108-4704-8640-70F4E928EF32}.Release|Any CPU.Build.0 = Release|Any CPU
		{7F8A0184-5E64-4C3B-BA42-E88BB464A7AF}.Debug|Any CPU.ActiveCfg = Debug|Any CPU
		{7F8A0184-5E64-4C3B-BA42-E88BB464A7AF}.Debug|Any CPU.Build.0 = Debug|Any CPU
		{7F8A0184-5E64-4C3B-BA42-E88BB464A7AF}.Release|Any CPU.ActiveCfg = Release|Any CPU
		{7F8A0184-5E64-4C3B-BA42-E88BB464A7AF}.Release|Any CPU.Build.0 = Release|Any CPU
		{13EB5CAE-6207-45F8-B3B7-AC41C1E75E37}.Debug|Any CPU.ActiveCfg = Debug|Any CPU
		{13EB5CAE-6207-45F8-B3B7-AC41C1E75E37}.Debug|Any CPU.Build.0 = Debug|Any CPU
		{13EB5CAE-6207-45F8-B3B7-AC41C1E75E37}.Release|Any CPU.ActiveCfg = Release|Any CPU
		{13EB5CAE-6207-45F8-B3B7-AC41C1E75E37}.Release|Any CPU.Build.0 = Release|Any CPU
		{29872379-8607-4F3B-9F9D-2A59CE6B1BC4}.Debug|Any CPU.ActiveCfg = Debug|Any CPU
		{29872379-8607-4F3B-9F9D-2A59CE6B1BC4}.Debug|Any CPU.Build.0 = Debug|Any CPU
		{29872379-8607-4F3B-9F9D-2A59CE6B1BC4}.Release|Any CPU.ActiveCfg = Release|Any CPU
		{29872379-8607-4F3B-9F9D-2A59CE6B1BC4}.Release|Any CPU.Build.0 = Release|Any CPU
		{6E8F94D5-0530-4105-9361-0660C39DB655}.Debug|Any CPU.ActiveCfg = Debug|Any CPU
		{6E8F94D5-0530-4105-9361-0660C39DB655}.Debug|Any CPU.Build.0 = Debug|Any CPU
		{6E8F94D5-0530-4105-9361-0660C39DB655}.Release|Any CPU.ActiveCfg = Release|Any CPU
		{6E8F94D5-0530-4105-9361-0660C39DB655}.Release|Any CPU.Build.0 = Release|Any CPU
		{04B09F44-850F-42DC-BF60-2D8DC22B5D71}.Debug|Any CPU.ActiveCfg = Debug|Any CPU
		{04B09F44-850F-42DC-BF60-2D8DC22B5D71}.Debug|Any CPU.Build.0 = Debug|Any CPU
		{04B09F44-850F-42DC-BF60-2D8DC22B5D71}.Release|Any CPU.ActiveCfg = Release|Any CPU
		{04B09F44-850F-42DC-BF60-2D8DC22B5D71}.Release|Any CPU.Build.0 = Release|Any CPU
		{7276851F-791F-4333-BD9F-09BC65C31E5D}.Debug|Any CPU.ActiveCfg = Debug|Any CPU
		{7276851F-791F-4333-BD9F-09BC65C31E5D}.Debug|Any CPU.Build.0 = Debug|Any CPU
		{7276851F-791F-4333-BD9F-09BC65C31E5D}.Release|Any CPU.ActiveCfg = Release|Any CPU
		{7276851F-791F-4333-BD9F-09BC65C31E5D}.Release|Any CPU.Build.0 = Release|Any CPU
		{65AD797B-37F4-45A6-AB42-FE4A8634CD3C}.Debug|Any CPU.ActiveCfg = Debug|Any CPU
		{65AD797B-37F4-45A6-AB42-FE4A8634CD3C}.Debug|Any CPU.Build.0 = Debug|Any CPU
		{65AD797B-37F4-45A6-AB42-FE4A8634CD3C}.Release|Any CPU.ActiveCfg = Release|Any CPU
		{65AD797B-37F4-45A6-AB42-FE4A8634CD3C}.Release|Any CPU.Build.0 = Release|Any CPU
		{63FC4391-6338-4363-912A-FD5983469C06}.Debug|Any CPU.ActiveCfg = Debug|Any CPU
		{63FC4391-6338-4363-912A-FD5983469C06}.Debug|Any CPU.Build.0 = Debug|Any CPU
		{63FC4391-6338-4363-912A-FD5983469C06}.Release|Any CPU.ActiveCfg = Release|Any CPU
		{63FC4391-6338-4363-912A-FD5983469C06}.Release|Any CPU.Build.0 = Release|Any CPU
		{ECC0C8CD-152A-4D84-B4B7-9A1CF095BD36}.Debug|Any CPU.ActiveCfg = Debug|Any CPU
		{ECC0C8CD-152A-4D84-B4B7-9A1CF095BD36}.Debug|Any CPU.Build.0 = Debug|Any CPU
		{ECC0C8CD-152A-4D84-B4B7-9A1CF095BD36}.Release|Any CPU.ActiveCfg = Release|Any CPU
		{ECC0C8CD-152A-4D84-B4B7-9A1CF095BD36}.Release|Any CPU.Build.0 = Release|Any CPU
		{BBDFD3D9-D9A2-4F5B-8DE4-3F2E464AD9CE}.Debug|Any CPU.ActiveCfg = Debug|Any CPU
		{BBDFD3D9-D9A2-4F5B-8DE4-3F2E464AD9CE}.Debug|Any CPU.Build.0 = Debug|Any CPU
		{BBDFD3D9-D9A2-4F5B-8DE4-3F2E464AD9CE}.Release|Any CPU.ActiveCfg = Release|Any CPU
		{BBDFD3D9-D9A2-4F5B-8DE4-3F2E464AD9CE}.Release|Any CPU.Build.0 = Release|Any CPU
		{3B3B3AA7-477E-4EA8-8F90-34AA36304977}.Debug|Any CPU.ActiveCfg = Debug|Any CPU
		{3B3B3AA7-477E-4EA8-8F90-34AA36304977}.Debug|Any CPU.Build.0 = Debug|Any CPU
		{3B3B3AA7-477E-4EA8-8F90-34AA36304977}.Release|Any CPU.ActiveCfg = Release|Any CPU
		{3B3B3AA7-477E-4EA8-8F90-34AA36304977}.Release|Any CPU.Build.0 = Release|Any CPU
		{B194C5DE-E9EB-4C94-BC25-6470625D9582}.Debug|Any CPU.ActiveCfg = Debug|Any CPU
		{B194C5DE-E9EB-4C94-BC25-6470625D9582}.Debug|Any CPU.Build.0 = Debug|Any CPU
		{B194C5DE-E9EB-4C94-BC25-6470625D9582}.Release|Any CPU.ActiveCfg = Release|Any CPU
		{B194C5DE-E9EB-4C94-BC25-6470625D9582}.Release|Any CPU.Build.0 = Release|Any CPU
		{3B73943F-FFAC-4488-9962-4D69F229D9FD}.Debug|Any CPU.ActiveCfg = Debug|Any CPU
		{3B73943F-FFAC-4488-9962-4D69F229D9FD}.Debug|Any CPU.Build.0 = Debug|Any CPU
		{3B73943F-FFAC-4488-9962-4D69F229D9FD}.Release|Any CPU.ActiveCfg = Release|Any CPU
		{3B73943F-FFAC-4488-9962-4D69F229D9FD}.Release|Any CPU.Build.0 = Release|Any CPU
	EndGlobalSection
	GlobalSection(SolutionProperties) = preSolution
		HideSolutionNode = FALSE
	EndGlobalSection
	GlobalSection(NestedProjects) = preSolution
		{0ED89F5C-87DF-418A-94E8-69D75C425216} = {964037FD-344A-4292-A8BF-7F2EFB9CE08B}
		{44942011-FDEE-4358-9B7B-1B3657F0859C} = {964037FD-344A-4292-A8BF-7F2EFB9CE08B}
		{09F9A356-F165-4757-8059-C7DFF64BBDDD} = {37D395CC-7363-4D8D-9BC5-60786BC15930}
		{8BCEE271-AEA2-470A-89B7-2CDD1E0FCC4C} = {964037FD-344A-4292-A8BF-7F2EFB9CE08B}
		{1046A787-F65C-44B8-B224-60356DF49285} = {964037FD-344A-4292-A8BF-7F2EFB9CE08B}
		{BFC0F4E0-BC80-4C57-9CBC-03C3974D1813} = {964037FD-344A-4292-A8BF-7F2EFB9CE08B}
		{EFDE9807-C909-4666-AB83-03CC2D658DFD} = {964037FD-344A-4292-A8BF-7F2EFB9CE08B}
		{76CFB9AB-3BF0-4002-9F14-AD1479716138} = {964037FD-344A-4292-A8BF-7F2EFB9CE08B}
		{ED4D5EEB-1465-4B78-9FB6-1F6BDDF4BB58} = {964037FD-344A-4292-A8BF-7F2EFB9CE08B}
		{82A893A9-BC73-484D-BCDD-50D0D8904D9B} = {964037FD-344A-4292-A8BF-7F2EFB9CE08B}
		{C8016837-8DEE-4C22-A44B-1FD41221C286} = {964037FD-344A-4292-A8BF-7F2EFB9CE08B}
		{75A3C7E6-254D-47DD-84BA-401121221337} = {964037FD-344A-4292-A8BF-7F2EFB9CE08B}
		{B0C04203-B723-4F53-8FFA-68A1E199A340} = {964037FD-344A-4292-A8BF-7F2EFB9CE08B}
		{2F5480E0-E0D2-4E48-AD9C-2259A9765D0C} = {964037FD-344A-4292-A8BF-7F2EFB9CE08B}
		{2B4BF8AB-9961-47B5-944C-2E006C87B259} = {964037FD-344A-4292-A8BF-7F2EFB9CE08B}
		{3CC18B1C-4922-4CEE-A7C3-A6E458E4A658} = {37D395CC-7363-4D8D-9BC5-60786BC15930}
		{E252C679-22EE-4FE3-9FBB-CAEF5890663D} = {37D395CC-7363-4D8D-9BC5-60786BC15930}
		{3E7C4297-904A-4225-94B3-42B0B91A3E86} = {37D395CC-7363-4D8D-9BC5-60786BC15930}
		{63EF8942-9C54-45BA-ABBE-9C546C1B8153} = {37D395CC-7363-4D8D-9BC5-60786BC15930}
		{81F16D5A-40D4-4CD4-BF91-862058E88323} = {37D395CC-7363-4D8D-9BC5-60786BC15930}
		{32F5DD0D-F92B-458F-A699-CF3E0B284F72} = {2A8C1643-34D8-47B8-83FE-15A7C8E9FD8C}
		{0BBF1C2A-B08C-4BBF-BFD9-041501EE7EF8} = {2A8C1643-34D8-47B8-83FE-15A7C8E9FD8C}
		{029EEDF8-418B-4A26-A8F2-783F317EC05D} = {2A8C1643-34D8-47B8-83FE-15A7C8E9FD8C}
		{2821B906-E337-4B4D-A0AA-8F53ACB9384F} = {2A8C1643-34D8-47B8-83FE-15A7C8E9FD8C}
		{4B42576A-0108-4704-8640-70F4E928EF32} = {2A8C1643-34D8-47B8-83FE-15A7C8E9FD8C}
		{7F8A0184-5E64-4C3B-BA42-E88BB464A7AF} = {C18DDFF7-E03C-4E7B-B642-AD517E18E8DD}
		{13EB5CAE-6207-45F8-B3B7-AC41C1E75E37} = {C18DDFF7-E03C-4E7B-B642-AD517E18E8DD}
		{29872379-8607-4F3B-9F9D-2A59CE6B1BC4} = {C18DDFF7-E03C-4E7B-B642-AD517E18E8DD}
		{6E8F94D5-0530-4105-9361-0660C39DB655} = {C18DDFF7-E03C-4E7B-B642-AD517E18E8DD}
		{04B09F44-850F-42DC-BF60-2D8DC22B5D71} = {C18DDFF7-E03C-4E7B-B642-AD517E18E8DD}
		{7B3A6730-FDCE-4A32-8561-F30249844819} = {D3E8D9D3-5B75-4B11-9766-EBBFD5DA24DA}
		{7276851F-791F-4333-BD9F-09BC65C31E5D} = {7B3A6730-FDCE-4A32-8561-F30249844819}
		{EE97BAA8-9B54-414A-B168-C35A74AB8EAB} = {D3E8D9D3-5B75-4B11-9766-EBBFD5DA24DA}
		{65AD797B-37F4-45A6-AB42-FE4A8634CD3C} = {EE97BAA8-9B54-414A-B168-C35A74AB8EAB}
		{52812A66-4A70-4BB9-B0F8-729D47B61984} = {D3E8D9D3-5B75-4B11-9766-EBBFD5DA24DA}
		{63FC4391-6338-4363-912A-FD5983469C06} = {52812A66-4A70-4BB9-B0F8-729D47B61984}
		{769FF247-3CE8-4743-AB0C-5219E8EFEDB6} = {D3E8D9D3-5B75-4B11-9766-EBBFD5DA24DA}
		{ECC0C8CD-152A-4D84-B4B7-9A1CF095BD36} = {769FF247-3CE8-4743-AB0C-5219E8EFEDB6}
		{21480B93-B69F-4E82-ACF1-B9059BEFC43C} = {D3E8D9D3-5B75-4B11-9766-EBBFD5DA24DA}
		{BBDFD3D9-D9A2-4F5B-8DE4-3F2E464AD9CE} = {21480B93-B69F-4E82-ACF1-B9059BEFC43C}
		{8D356991-208E-4AB4-BC27-F0F879B1E23A} = {D3E8D9D3-5B75-4B11-9766-EBBFD5DA24DA}
		{3B3B3AA7-477E-4EA8-8F90-34AA36304977} = {8D356991-208E-4AB4-BC27-F0F879B1E23A}
		{64AC5013-AB16-4F7A-AFD1-8F52FE1F4D47} = {128A352C-20D3-466A-BFB4-4FB3B7980B6C}
		{B194C5DE-E9EB-4C94-BC25-6470625D9582} = {64AC5013-AB16-4F7A-AFD1-8F52FE1F4D47}
		{C1587273-F01E-4201-B593-0C50062D0D8E} = {AA5F2168-0640-49A4-9BEA-0D6E9ED6FB7B}
		{3B73943F-FFAC-4488-9962-4D69F229D9FD} = {C1587273-F01E-4201-B593-0C50062D0D8E}
	EndGlobalSection
	GlobalSection(ExtensibilityGlobals) = postSolution
		SolutionGuid = {A750B4DE-A738-472F-B14E-D4E8E02818C7}
	EndGlobalSection
EndGlobal
